# This file is automatically @generated by Cargo.
# It is not intended for manual editing.
version = 3

[[package]]
name = "trois"
version = "0.1.0"
dependencies = [
 "trois_auth",
 "trois_http",
 "trois_https",
]

[[package]]
name = "trois_auth"
version = "0.1.0"

[[package]]
name = "trois_http"
version = "0.1.0"

[[package]]
name = "trois_https"
version = "0.1.0"
